
Microsoft Visual Studio Solution File, Format Version 12.00
# Visual Studio Version 16
VisualStudioVersion = 16.0.808.3
MinimumVisualStudioVersion = 10.0.40219.1
Project("{FAE04EC0-301F-11D3-BF4B-00C04F79EFBC}") = "Api", "Api\Api.csproj", "{153FD80A-E68D-4768-A5C4-BC581F136F00}"
EndProject
Project("{2150E333-8FDC-42A3-9474-1A3956D46DE8}") = "1 - Presentation", "1 - Presentation", "{9525CF80-EC40-44D8-ADD1-3BDE9008BE81}"
EndProject
Project("{FAE04EC0-301F-11D3-BF4B-00C04F79EFBC}") = "Application", "Application\Application.csproj", "{34B31FCC-E5D4-4E25-83FD-0ABA75E39911}"
EndProject
Project("{FAE04EC0-301F-11D3-BF4B-00C04F79EFBC}") = "Domain", "Domain\Domain.csproj", "{358A5F12-0544-450A-8501-5CAF9C96C97B}"
EndProject
Project("{2150E333-8FDC-42A3-9474-1A3956D46DE8}") = "3  - Domain", "3  - Domain", "{8BF99803-B5D8-4FD4-8B97-82B1B6C7ACBE}"
EndProject
Project("{2150E333-8FDC-42A3-9474-1A3956D46DE8}") = "Tests", "Tests", "{A1A11BF5-06FA-4C54-B940-C4775F286B34}"
EndProject
Project("{2150E333-8FDC-42A3-9474-1A3956D46DE8}") = "4 - Infra", "4 - Infra", "{05656731-3288-465B-A031-BA8668327AB1}"
EndProject
Project("{FAE04EC0-301F-11D3-BF4B-00C04F79EFBC}") = "Infra.Data", "Infrastructure\Infra.Data.csproj", "{E5353560-9376-474D-AA72-8257118930D6}"
EndProject
Project("{2150E333-8FDC-42A3-9474-1A3956D46DE8}") = "Data", "Data", "{F88BEA3C-F2FF-4330-9022-D1244703F41A}"
EndProject
Project("{2150E333-8FDC-42A3-9474-1A3956D46DE8}") = "CrossCutting", "CrossCutting", "{000D0F5C-E847-4CE5-B17D-A2ACC08BCEF1}"
EndProject
Project("{2150E333-8FDC-42A3-9474-1A3956D46DE8}") = "2 - Application", "2 - Application", "{02C50940-B5C2-4188-AEED-35B99237CF30}"
EndProject
Project("{FAE04EC0-301F-11D3-BF4B-00C04F79EFBC}") = "Infra.CrossCutting.Commons", "Infra.CrossCutting.Commons\Infra.CrossCutting.Commons.csproj", "{88CCD770-5A3C-483D-A255-7874DE6459B2}"
EndProject
Global
	GlobalSection(SolutionConfigurationPlatforms) = preSolution
		Debug|Any CPU = Debug|Any CPU
		Release|Any CPU = Release|Any CPU
	EndGlobalSection
	GlobalSection(ProjectConfigurationPlatforms) = postSolution
		{153FD80A-E68D-4768-A5C4-BC581F136F00}.Debug|Any CPU.ActiveCfg = Debug|Any CPU
		{153FD80A-E68D-4768-A5C4-BC581F136F00}.Debug|Any CPU.Build.0 = Debug|Any CPU
		{153FD80A-E68D-4768-A5C4-BC581F136F00}.Release|Any CPU.ActiveCfg = Release|Any CPU
		{153FD80A-E68D-4768-A5C4-BC581F136F00}.Release|Any CPU.Build.0 = Release|Any CPU
		{34B31FCC-E5D4-4E25-83FD-0ABA75E39911}.Debug|Any CPU.ActiveCfg = Debug|Any CPU
		{34B31FCC-E5D4-4E25-83FD-0ABA75E39911}.Debug|Any CPU.Build.0 = Debug|Any CPU
		{34B31FCC-E5D4-4E25-83FD-0ABA75E39911}.Release|Any CPU.ActiveCfg = Release|Any CPU
		{34B31FCC-E5D4-4E25-83FD-0ABA75E39911}.Release|Any CPU.Build.0 = Release|Any CPU
		{358A5F12-0544-450A-8501-5CAF9C96C97B}.Debug|Any CPU.ActiveCfg = Debug|Any CPU
		{358A5F12-0544-450A-8501-5CAF9C96C97B}.Debug|Any CPU.Build.0 = Debug|Any CPU
		{358A5F12-0544-450A-8501-5CAF9C96C97B}.Release|Any CPU.ActiveCfg = Release|Any CPU
		{358A5F12-0544-450A-8501-5CAF9C96C97B}.Release|Any CPU.Build.0 = Release|Any CPU
		{E5353560-9376-474D-AA72-8257118930D6}.Debug|Any CPU.ActiveCfg = Debug|Any CPU
		{E5353560-9376-474D-AA72-8257118930D6}.Debug|Any CPU.Build.0 = Debug|Any CPU
		{E5353560-9376-474D-AA72-8257118930D6}.Release|Any CPU.ActiveCfg = Release|Any CPU
		{E5353560-9376-474D-AA72-8257118930D6}.Release|Any CPU.Build.0 = Release|Any CPU
		{88CCD770-5A3C-483D-A255-7874DE6459B2}.Debug|Any CPU.ActiveCfg = Debug|Any CPU
		{88CCD770-5A3C-483D-A255-7874DE6459B2}.Debug|Any CPU.Build.0 = Debug|Any CPU
		{88CCD770-5A3C-483D-A255-7874DE6459B2}.Release|Any CPU.ActiveCfg = Release|Any CPU
		{88CCD770-5A3C-483D-A255-7874DE6459B2}.Release|Any CPU.Build.0 = Release|Any CPU
	EndGlobalSection
	GlobalSection(SolutionProperties) = preSolution
		HideSolutionNode = FALSE
	EndGlobalSection
	GlobalSection(ExtensibilityGlobals) = postSolution
		SolutionGuid = {CE7C5D45-74DF-4826-A9A5-4A96031946B3}
	EndGlobalSection
	GlobalSection(NestedProjects) = preSolution
		{153FD80A-E68D-4768-A5C4-BC581F136F00} = {9525CF80-EC40-44D8-ADD1-3BDE9008BE81}
		{34B31FCC-E5D4-4E25-83FD-0ABA75E39911} = {02C50940-B5C2-4188-AEED-35B99237CF30}
		{358A5F12-0544-450A-8501-5CAF9C96C97B} = {8BF99803-B5D8-4FD4-8B97-82B1B6C7ACBE}
		{E5353560-9376-474D-AA72-8257118930D6} = {F88BEA3C-F2FF-4330-9022-D1244703F41A}
		{F88BEA3C-F2FF-4330-9022-D1244703F41A} = {05656731-3288-465B-A031-BA8668327AB1}
		{000D0F5C-E847-4CE5-B17D-A2ACC08BCEF1} = {05656731-3288-465B-A031-BA8668327AB1}
		{88CCD770-5A3C-483D-A255-7874DE6459B2} = {000D0F5C-E847-4CE5-B17D-A2ACC08BCEF1}
	EndGlobalSection
EndGlobal
